// !$*UTF8*$!
{
	archiveVersion = 1;
	classes = {
	};
	objectVersion = 50;
	objects = {

/* Begin PBXBuildFile section */
		6E847BD722C61697000D8C50 /* Structures.swift in Sources */ = {isa = PBXBuildFile; fileRef = 6E847BD622C61697000D8C50 /* Structures.swift */; };
		D55932C122C6108E00B7208C /* AppDelegate.swift in Sources */ = {isa = PBXBuildFile; fileRef = D55932C022C6108E00B7208C /* AppDelegate.swift */; };
		D55932C322C6108E00B7208C /* ViewController.swift in Sources */ = {isa = PBXBuildFile; fileRef = D55932C222C6108E00B7208C /* ViewController.swift */; };
		D55932C622C6108E00B7208C /* Main.storyboard in Resources */ = {isa = PBXBuildFile; fileRef = D55932C422C6108E00B7208C /* Main.storyboard */; };
		D55932C822C6108E00B7208C /* Assets.xcassets in Resources */ = {isa = PBXBuildFile; fileRef = D55932C722C6108E00B7208C /* Assets.xcassets */; };
		D55932CB22C6108E00B7208C /* LaunchScreen.storyboard in Resources */ = {isa = PBXBuildFile; fileRef = D55932C922C6108E00B7208C /* LaunchScreen.storyboard */; };
/* End PBXBuildFile section */

/* Begin PBXFileReference section */
		6E847BD622C61697000D8C50 /* Structures.swift */ = {isa = PBXFileReference; lastKnownFileType = sourcecode.swift; path = Structures.swift; sourceTree = "<group>"; };
		D55932BD22C6108E00B7208C /* huhu.app */ = {isa = PBXFileReference; explicitFileType = wrapper.application; includeInIndex = 0; path = huhu.app; sourceTree = BUILT_PRODUCTS_DIR; };
		D55932C022C6108E00B7208C /* AppDelegate.swift */ = {isa = PBXFileReference; lastKnownFileType = sourcecode.swift; path = AppDelegate.swift; sourceTree = "<group>"; };
		D55932C222C6108E00B7208C /* ViewController.swift */ = {isa = PBXFileReference; lastKnownFileType = sourcecode.swift; path = ViewController.swift; sourceTree = "<group>"; };
		D55932C522C6108E00B7208C /* Base */ = {isa = PBXFileReference; lastKnownFileType = file.storyboard; name = Base; path = Base.lproj/Main.storyboard; sourceTree = "<group>"; };
		D55932C722C6108E00B7208C /* Assets.xcassets */ = {isa = PBXFileReference; lastKnownFileType = folder.assetcatalog; path = Assets.xcassets; sourceTree = "<group>"; };
		D55932CA22C6108E00B7208C /* Base */ = {isa = PBXFileReference; lastKnownFileType = file.storyboard; name = Base; path = Base.lproj/LaunchScreen.storyboard; sourceTree = "<group>"; };
		D55932CC22C6108E00B7208C /* Info.plist */ = {isa = PBXFileReference; lastKnownFileType = text.plist.xml; path = Info.plist; sourceTree = "<group>"; };
/* End PBXFileReference section */

/* Begin PBXFrameworksBuildPhase section */
		D55932BA22C6108E00B7208C /* Frameworks */ = {
			isa = PBXFrameworksBuildPhase;
			buildActionMask = 2147483647;
			files = (
			);
			runOnlyForDeploymentPostprocessing = 0;
		};
/* End PBXFrameworksBuildPhase section */

/* Begin PBXGroup section */
		D55932B422C6108E00B7208C = {
			isa = PBXGroup;
			children = (
				D55932BF22C6108E00B7208C /* huhu */,
				D55932BE22C6108E00B7208C /* Products */,
			);
			sourceTree = "<group>";
		};
		D55932BE22C6108E00B7208C /* Products */ = {
			isa = PBXGroup;
			children = (
				D55932BD22C6108E00B7208C /* huhu.app */,
			);
			name = Products;
			sourceTree = "<group>";
		};
		D55932BF22C6108E00B7208C /* huhu */ = {
			isa = PBXGroup;
			children = (
				D55932C022C6108E00B7208C /* AppDelegate.swift */,
				D55932C222C6108E00B7208C /* ViewController.swift */,
				6E847BD622C61697000D8C50 /* Structures.swift */,
				D55932C422C6108E00B7208C /* Main.storyboard */,
				D55932C722C6108E00B7208C /* Assets.xcassets */,
				D55932C922C6108E00B7208C /* LaunchScreen.storyboard */,
				D55932CC22C6108E00B7208C /* Info.plist */,
			);
			path = huhu;
			sourceTree = "<group>";
		};
/* End PBXGroup section */

/* Begin PBXNativeTarget section */
		D55932BC22C6108E00B7208C /* huhu */ = {
			isa = PBXNativeTarget;
			buildConfigurationList = D55932CF22C6108E00B7208C /* Build configuration list for PBXNativeTarget "huhu" */;
			buildPhases = (
				D55932B922C6108E00B7208C /* Sources */,
				D55932BA22C6108E00B7208C /* Frameworks */,
				D55932BB22C6108E00B7208C /* Resources */,
			);
			buildRules = (
			);
			dependencies = (
			);
			name = huhu;
			productName = huhu;
			productReference = D55932BD22C6108E00B7208C /* huhu.app */;
			productType = "com.apple.product-type.application";
		};
/* End PBXNativeTarget section */

/* Begin PBXProject section */
		D55932B522C6108E00B7208C /* Project object */ = {
			isa = PBXProject;
			attributes = {
				LastSwiftUpdateCheck = 1020;
				LastUpgradeCheck = 1020;
				ORGANIZATIONNAME = "Sofyane Oulefki";
				TargetAttributes = {
					D55932BC22C6108E00B7208C = {
						CreatedOnToolsVersion = 10.2.1;
					};
				};
			};
			buildConfigurationList = D55932B822C6108E00B7208C /* Build configuration list for PBXProject "huhu" */;
			compatibilityVersion = "Xcode 9.3";
			developmentRegion = en;
			hasScannedForEncodings = 0;
			knownRegions = (
				en,
				Base,
			);
			mainGroup = D55932B422C6108E00B7208C;
			productRefGroup = D55932BE22C6108E00B7208C /* Products */;
			projectDirPath = "";
			projectRoot = "";
			targets = (
				D55932BC22C6108E00B7208C /* huhu */,
			);
		};
/* End PBXProject section */

/* Begin PBXResourcesBuildPhase section */
		D55932BB22C6108E00B7208C /* Resources */ = {
			isa = PBXResourcesBuildPhase;
			buildActionMask = 2147483647;
			files = (
				D55932CB22C6108E00B7208C /* LaunchScreen.storyboard in Resources */,
				D55932C822C6108E00B7208C /* Assets.xcassets in Resources */,
				D55932C622C6108E00B7208C /* Main.storyboard in Resources */,
			);
			runOnlyForDeploymentPostprocessing = 0;
		};
/* End PBXResourcesBuildPhase section */

/* Begin PBXSourcesBuildPhase section */
		D55932B922C6108E00B7208C /* Sources */ = {
			isa = PBXSourcesBuildPhase;
			buildActionMask = 2147483647;
			files = (
				D55932C322C6108E00B7208C /* ViewController.swift in Sources */,
				6E847BD722C61697000D8C50 /* Structures.swift in Sources */,
				D55932C122C6108E00B7208C /* AppDelegate.swift in Sources */,
			);
			runOnlyForDeploymentPostprocessing = 0;
		};
/* End PBXSourcesBuildPhase section */

/* Begin PBXVariantGroup section */
		D55932C422C6108E00B7208C /* Main.storyboard */ = {
			isa = PBXVariantGroup;
			children = (
				D55932C522C6108E00B7208C /* Base */,
			);
			name = Main.storyboard;
			sourceTree = "<group>";
		};
		D55932C922C6108E00B7208C /* LaunchScreen.storyboard */ = {
			isa = PBXVariantGroup;
			children = (
				D55932CA22C6108E00B7208C /* Base */,
			);
			name = LaunchScreen.storyboard;
			sourceTree = "<group>";
		};
/* End PBXVariantGroup section */

/* Begin XCBuildConfiguration section */
		D55932CD22C6108E00B7208C /* Debug */ = {
			isa = XCBuildConfiguration;
			buildSettings = {
				ALWAYS_SEARCH_USER_PATHS = NO;
				CLANG_ANALYZER_NONNULL = YES;
				CLANG_ANALYZER_NUMBER_OBJECT_CONVERSION = YES_AGGRESSIVE;
				CLANG_CXX_LANGUAGE_STANDARD = "gnu++14";
				CLANG_CXX_LIBRARY = "libc++";
				CLANG_ENABLE_MODULES = YES;
				CLANG_ENABLE_OBJC_ARC = YES;
				CLANG_ENABLE_OBJC_WEAK = YES;
				CLANG_WARN_BLOCK_CAPTURE_AUTORELEASING = YES;
				CLANG_WARN_BOOL_CONVERSION = YES;
				CLANG_WARN_COMMA = YES;
				CLANG_WARN_CONSTANT_CONVERSION = YES;
				CLANG_WARN_DEPRECATED_OBJC_IMPLEMENTATIONS = YES;
				CLANG_WARN_DIRECT_OBJC_ISA_USAGE = YES_ERROR;
				CLANG_WARN_DOCUMENTATION_COMMENTS = YES;
				CLANG_WARN_EMPTY_BODY = YES;
				CLANG_WARN_ENUM_CONVERSION = YES;
				CLANG_WARN_INFINITE_RECURSION = YES;
				CLANG_WARN_INT_CONVERSION = YES;
				CLANG_WARN_NON_LITERAL_NULL_CONVERSION = YES;
				CLANG_WARN_OBJC_IMPLICIT_RETAIN_SELF = YES;
				CLANG_WARN_OBJC_LITERAL_CONVERSION = YES;
				CLANG_WARN_OBJC_ROOT_CLASS = YES_ERROR;
				CLANG_WARN_RANGE_LOOP_ANALYSIS = YES;
				CLANG_WARN_STRICT_PROTOTYPES = YES;
				CLANG_WARN_SUSPICIOUS_MOVE = YES;
				CLANG_WARN_UNGUARDED_AVAILABILITY = YES_AGGRESSIVE;
				CLANG_WARN_UNREACHABLE_CODE = YES;
				CLANG_WARN__DUPLICATE_METHOD_MATCH = YES;
				CODE_SIGN_IDENTITY = "iPhone Developer";
				COPY_PHASE_STRIP = NO;
				DEBUG_INFORMATION_FORMAT = dwarf;
				ENABLE_STRICT_OBJC_MSGSEND = YES;
				ENABLE_TESTABILITY = YES;
				GCC_C_LANGUAGE_STANDARD = gnu11;
				GCC_DYNAMIC_NO_PIC = NO;
				GCC_NO_COMMON_BLOCKS = YES;
				GCC_OPTIMIZATION_LEVEL = 0;
				GCC_PREPROCESSOR_DEFINITIONS = (
					"DEBUG=1",
					"$(inherited)",
				);
				GCC_WARN_64_TO_32_BIT_CONVERSION = YES;
				GCC_WARN_ABOUT_RETURN_TYPE = YES_ERROR;
				GCC_WARN_UNDECLARED_SELECTOR = YES;
				GCC_WARN_UNINITIALIZED_AUTOS = YES_AGGRESSIVE;
				GCC_WARN_UNUSED_FUNCTION = YES;
				GCC_WARN_UNUSED_VARIABLE = YES;
				IPHONEOS_DEPLOYMENT_TARGET = 12.2;
				MTL_ENABLE_DEBUG_INFO = INCLUDE_SOURCE;
				MTL_FAST_MATH = YES;
				ONLY_ACTIVE_ARCH = YES;
				SDKROOT = iphoneos;
				SWIFT_ACTIVE_COMPILATION_CONDITIONS = DEBUG;
				SWIFT_OPTIMIZATION_LEVEL = "-Onone";
			};
			name = Debug;
		};
		D55932CE22C6108E00B7208C /* Release */ = {
			isa = XCBuildConfiguration;
			buildSettings = {
				ALWAYS_SEARCH_USER_PATHS = NO;
				CLANG_ANALYZER_NONNULL = YES;
				CLANG_ANALYZER_NUMBER_OBJECT_CONVERSION = YES_AGGRESSIVE;
				CLANG_CXX_LANGUAGE_STANDARD = "gnu++14";
				CLANG_CXX_LIBRARY = "libc++";
				CLANG_ENABLE_MODULES = YES;
				CLANG_ENABLE_OBJC_ARC = YES;
				CLANG_ENABLE_OBJC_WEAK = YES;
				CLANG_WARN_BLOCK_CAPTURE_AUTORELEASING = YES;
				CLANG_WARN_BOOL_CONVERSION = YES;
				CLANG_WARN_COMMA = YES;
				CLANG_WARN_CONSTANT_CONVERSION = YES;
				CLANG_WARN_DEPRECATED_OBJC_IMPLEMENTATIONS = YES;
				CLANG_WARN_DIRECT_OBJC_ISA_USAGE = YES_ERROR;
				CLANG_WARN_DOCUMENTATION_COMMENTS = YES;
				CLANG_WARN_EMPTY_BODY = YES;
				CLANG_WARN_ENUM_CONVERSION = YES;
				CLANG_WARN_INFINITE_RECURSION = YES;
				CLANG_WARN_INT_CONVERSION = YES;
				CLANG_WARN_NON_LITERAL_NULL_CONVERSION = YES;
				CLANG_WARN_OBJC_IMPLICIT_RETAIN_SELF = YES;
				CLANG_WARN_OBJC_LITERAL_CONVERSION = YES;
				CLANG_WARN_OBJC_ROOT_CLASS = YES_ERROR;
				CLANG_WARN_RANGE_LOOP_ANALYSIS = YES;
				CLANG_WARN_STRICT_PROTOTYPES = YES;
				CLANG_WARN_SUSPICIOUS_MOVE = YES;
				CLANG_WARN_UNGUARDED_AVAILABILITY = YES_AGGRESSIVE;
				CLANG_WARN_UNREACHABLE_CODE = YES;
				CLANG_WARN__DUPLICATE_METHOD_MATCH = YES;
				CODE_SIGN_IDENTITY = "iPhone Developer";
				COPY_PHASE_STRIP = NO;
				DEBUG_INFORMATION_FORMAT = "dwarf-with-dsym";
				ENABLE_NS_ASSERTIONS = NO;
				ENABLE_STRICT_OBJC_MSGSEND = YES;
				GCC_C_LANGUAGE_STANDARD = gnu11;
				GCC_NO_COMMON_BLOCKS = YES;
				GCC_WARN_64_TO_32_BIT_CONVERSION = YES;
				GCC_WARN_ABOUT_RETURN_TYPE = YES_ERROR;
				GCC_WARN_UNDECLARED_SELECTOR = YES;
				GCC_WARN_UNINITIALIZED_AUTOS = YES_AGGRESSIVE;
				GCC_WARN_UNUSED_FUNCTION = YES;
				GCC_WARN_UNUSED_VARIABLE = YES;
				IPHONEOS_DEPLOYMENT_TARGET = 12.2;
				MTL_ENABLE_DEBUG_INFO = NO;
				MTL_FAST_MATH = YES;
				SDKROOT = iphoneos;
				SWIFT_COMPILATION_MODE = wholemodule;
				SWIFT_OPTIMIZATION_LEVEL = "-O";
				VALIDATE_PRODUCT = YES;
			};
			name = Release;
		};
		D55932D022C6108E00B7208C /* Debug */ = {
			isa = XCBuildConfiguration;
			buildSettings = {
				ASSETCATALOG_COMPILER_APPICON_NAME = AppIcon;
				CODE_SIGN_STYLE = Automatic;
				INFOPLIST_FILE = huhu/Info.plist;
				LD_RUNPATH_SEARCH_PATHS = (
					"$(inherited)",
					"@executable_path/Frameworks",
				);
				PRODUCT_BUNDLE_IDENTIFIER = com.soulefki.huhu;
				PRODUCT_NAME = "$(TARGET_NAME)";
				SWIFT_VERSION = 5.0;
				TARGETED_DEVICE_FAMILY = "1,2";
			};
			name = Debug;
		};
		D55932D122C6108E00B7208C /* Release */ = {
			isa = XCBuildConfiguration;
			buildSettings = {
				ASSETCATALOG_COMPILER_APPICON_NAME = AppIcon;
				CODE_SIGN_STYLE = Automatic;
				INFOPLIST_FILE = huhu/Info.plist;
				LD_RUNPATH_SEARCH_PATHS = (
					"$(inherited)",
					"@executable_path/Frameworks",
				);
				PRODUCT_BUNDLE_IDENTIFIER = com.soulefki.huhu;
				PRODUCT_NAME = "$(TARGET_NAME)";
				SWIFT_VERSION = 5.0;
				TARGETED_DEVICE_FAMILY = "1,2";
			};
			name = Release;
		};
/* End XCBuildConfiguration section */

/* Begin XCConfigurationList section */
		D55932B822C6108E00B7208C /* Build configuration list for PBXProject "huhu" */ = {
			isa = XCConfigurationList;
			buildConfigurations = (
				D55932CD22C6108E00B7208C /* Debug */,
				D55932CE22C6108E00B7208C /* Release */,
			);
			defaultConfigurationIsVisible = 0;
			defaultConfigurationName = Release;
		};
		D55932CF22C6108E00B7208C /* Build configuration list for PBXNativeTarget "huhu" */ = {
			isa = XCConfigurationList;
			buildConfigurations = (
				D55932D022C6108E00B7208C /* Debug */,
				D55932D122C6108E00B7208C /* Release */,
			);
			defaultConfigurationIsVisible = 0;
			defaultConfigurationName = Release;
		};
/* End XCConfigurationList section */
	};
	rootObject = D55932B522C6108E00B7208C /* Project object */;
}
